
Microsoft Visual Studio Solution File, Format Version 12.00
# Visual Studio Version 16
VisualStudioVersion = 16.0.31702.278
MinimumVisualStudioVersion = 10.0.40219.1
Project("{FAE04EC0-301F-11D3-BF4B-00C04F79EFBC}") = "WeAreTheChampions", "WeAreTheChampions\WeAreTheChampions.csproj", "{82E72642-292C-4AF8-92D8-EEDF1B294946}"
EndProject
Global
	GlobalSection(SolutionConfigurationPlatforms) = preSolution
		Debug|Any CPU = Debug|Any CPU
		Release|Any CPU = Release|Any CPU
	EndGlobalSection
	GlobalSection(ProjectConfigurationPlatforms) = postSolution
		{82E72642-292C-4AF8-92D8-EEDF1B294946}.Debug|Any CPU.ActiveCfg = Debug|Any CPU
		{82E72642-292C-4AF8-92D8-EEDF1B294946}.Debug|Any CPU.Build.0 = Debug|Any CPU
		{82E72642-292C-4AF8-92D8-EEDF1B294946}.Release|Any CPU.ActiveCfg = Release|Any CPU
		{82E72642-292C-4AF8-92D8-EEDF1B294946}.Release|Any CPU.Build.0 = Release|Any CPU
	EndGlobalSection
	GlobalSection(SolutionProperties) = preSolution
		HideSolutionNode = FALSE
	EndGlobalSection
	GlobalSection(ExtensibilityGlobals) = postSolution
		SolutionGuid = {CBC28DBC-89CD-4FE3-A7AE-51F92FA49522}
	EndGlobalSection
EndGlobal
